
Microsoft Visual Studio Solution File, Format Version 12.00
# Visual Studio Version 16
VisualStudioVersion = 16.0.29613.14
MinimumVisualStudioVersion = 10.0.40219.1
Project("{9A19103F-16F7-4668-BE54-9A1E7A4F7556}") = "SimpleHttpServer", "SimpleHttpServer\SimpleHttpServer.csproj", "{9E139539-C272-488A-BFCF-CADDF458DF9D}"
EndProject
Project("{9A19103F-16F7-4668-BE54-9A1E7A4F7556}") = "DodoCmd", "DodoCmd\DodoCmd.csproj", "{00A2A932-EBAB-44E2-930F-5D659476A46D}"
EndProject
Project("{9A19103F-16F7-4668-BE54-9A1E7A4F7556}") = "Common", "Common\Common.csproj", "{AC96D6E5-4BA4-457C-A83E-6966B5DE982A}"
EndProject
Project("{2150E333-8FDC-42A3-9474-1A3956D46DE8}") = "lib", "lib", "{520277FC-CAED-456A-A6FE-7D75D2FA7A40}"
EndProject
Project("{2150E333-8FDC-42A3-9474-1A3956D46DE8}") = "src", "src", "{0D1FD671-44F9-4E15-B7A6-5AE6D79E4761}"
EndProject
Project("{2150E333-8FDC-42A3-9474-1A3956D46DE8}") = "test", "test", "{D4CB2E64-9C5A-4D5B-921A-52F4905F87D4}"
EndProject
Project("{9A19103F-16F7-4668-BE54-9A1E7A4F7556}") = "Dodo", "Dodo\Dodo.csproj", "{88CFDF77-C083-452B-B502-534112CB799A}"
EndProject
Project("{FAE04EC0-301F-11D3-BF4B-00C04F79EFBC}") = "DodoTest", "DodoTest\DodoTest.csproj", "{711EA4F8-4F61-4E2F-B594-1CF35C010786}"
EndProject
Global
	GlobalSection(SolutionConfigurationPlatforms) = preSolution
		Debug|Any CPU = Debug|Any CPU
		Debug|x86 = Debug|x86
		Release|Any CPU = Release|Any CPU
		Release|x86 = Release|x86
	EndGlobalSection
	GlobalSection(ProjectConfigurationPlatforms) = postSolution
		{9E139539-C272-488A-BFCF-CADDF458DF9D}.Debug|Any CPU.ActiveCfg = Debug|Any CPU
		{9E139539-C272-488A-BFCF-CADDF458DF9D}.Debug|Any CPU.Build.0 = Debug|Any CPU
		{9E139539-C272-488A-BFCF-CADDF458DF9D}.Debug|x86.ActiveCfg = Debug|Any CPU
		{9E139539-C272-488A-BFCF-CADDF458DF9D}.Debug|x86.Build.0 = Debug|Any CPU
		{9E139539-C272-488A-BFCF-CADDF458DF9D}.Release|Any CPU.ActiveCfg = Release|Any CPU
		{9E139539-C272-488A-BFCF-CADDF458DF9D}.Release|Any CPU.Build.0 = Release|Any CPU
		{9E139539-C272-488A-BFCF-CADDF458DF9D}.Release|x86.ActiveCfg = Release|Any CPU
		{9E139539-C272-488A-BFCF-CADDF458DF9D}.Release|x86.Build.0 = Release|Any CPU
		{00A2A932-EBAB-44E2-930F-5D659476A46D}.Debug|Any CPU.ActiveCfg = Debug|Any CPU
		{00A2A932-EBAB-44E2-930F-5D659476A46D}.Debug|Any CPU.Build.0 = Debug|Any CPU
		{00A2A932-EBAB-44E2-930F-5D659476A46D}.Debug|x86.ActiveCfg = Debug|Any CPU
		{00A2A932-EBAB-44E2-930F-5D659476A46D}.Debug|x86.Build.0 = Debug|Any CPU
		{00A2A932-EBAB-44E2-930F-5D659476A46D}.Release|Any CPU.ActiveCfg = Release|Any CPU
		{00A2A932-EBAB-44E2-930F-5D659476A46D}.Release|Any CPU.Build.0 = Release|Any CPU
		{00A2A932-EBAB-44E2-930F-5D659476A46D}.Release|x86.ActiveCfg = Release|Any CPU
		{00A2A932-EBAB-44E2-930F-5D659476A46D}.Release|x86.Build.0 = Release|Any CPU
		{AC96D6E5-4BA4-457C-A83E-6966B5DE982A}.Debug|Any CPU.ActiveCfg = Debug|Any CPU
		{AC96D6E5-4BA4-457C-A83E-6966B5DE982A}.Debug|Any CPU.Build.0 = Debug|Any CPU
		{AC96D6E5-4BA4-457C-A83E-6966B5DE982A}.Debug|x86.ActiveCfg = Debug|Any CPU
		{AC96D6E5-4BA4-457C-A83E-6966B5DE982A}.Debug|x86.Build.0 = Debug|Any CPU
		{AC96D6E5-4BA4-457C-A83E-6966B5DE982A}.Release|Any CPU.ActiveCfg = Release|Any CPU
		{AC96D6E5-4BA4-457C-A83E-6966B5DE982A}.Release|Any CPU.Build.0 = Release|Any CPU
		{AC96D6E5-4BA4-457C-A83E-6966B5DE982A}.Release|x86.ActiveCfg = Release|Any CPU
		{AC96D6E5-4BA4-457C-A83E-6966B5DE982A}.Release|x86.Build.0 = Release|Any CPU
		{88CFDF77-C083-452B-B502-534112CB799A}.Debug|Any CPU.ActiveCfg = Debug|Any CPU
		{88CFDF77-C083-452B-B502-534112CB799A}.Debug|Any CPU.Build.0 = Debug|Any CPU
		{88CFDF77-C083-452B-B502-534112CB799A}.Debug|x86.ActiveCfg = Debug|Any CPU
		{88CFDF77-C083-452B-B502-534112CB799A}.Debug|x86.Build.0 = Debug|Any CPU
		{88CFDF77-C083-452B-B502-534112CB799A}.Release|Any CPU.ActiveCfg = Release|Any CPU
		{88CFDF77-C083-452B-B502-534112CB799A}.Release|Any CPU.Build.0 = Release|Any CPU
		{88CFDF77-C083-452B-B502-534112CB799A}.Release|x86.ActiveCfg = Release|Any CPU
		{88CFDF77-C083-452B-B502-534112CB799A}.Release|x86.Build.0 = Release|Any CPU
		{711EA4F8-4F61-4E2F-B594-1CF35C010786}.Debug|Any CPU.ActiveCfg = Debug|Any CPU
		{711EA4F8-4F61-4E2F-B594-1CF35C010786}.Debug|Any CPU.Build.0 = Debug|Any CPU
		{711EA4F8-4F61-4E2F-B594-1CF35C010786}.Debug|x86.ActiveCfg = Debug|Any CPU
		{711EA4F8-4F61-4E2F-B594-1CF35C010786}.Debug|x86.Build.0 = Debug|Any CPU
		{711EA4F8-4F61-4E2F-B594-1CF35C010786}.Release|Any CPU.ActiveCfg = Release|Any CPU
		{711EA4F8-4F61-4E2F-B594-1CF35C010786}.Release|Any CPU.Build.0 = Release|Any CPU
		{711EA4F8-4F61-4E2F-B594-1CF35C010786}.Release|x86.ActiveCfg = Release|Any CPU
		{711EA4F8-4F61-4E2F-B594-1CF35C010786}.Release|x86.Build.0 = Release|Any CPU
	EndGlobalSection
	GlobalSection(SolutionProperties) = preSolution
		HideSolutionNode = FALSE
	EndGlobalSection
	GlobalSection(NestedProjects) = preSolution
		{9E139539-C272-488A-BFCF-CADDF458DF9D} = {520277FC-CAED-456A-A6FE-7D75D2FA7A40}
		{00A2A932-EBAB-44E2-930F-5D659476A46D} = {0D1FD671-44F9-4E15-B7A6-5AE6D79E4761}
		{AC96D6E5-4BA4-457C-A83E-6966B5DE982A} = {520277FC-CAED-456A-A6FE-7D75D2FA7A40}
		{88CFDF77-C083-452B-B502-534112CB799A} = {0D1FD671-44F9-4E15-B7A6-5AE6D79E4761}
		{711EA4F8-4F61-4E2F-B594-1CF35C010786} = {D4CB2E64-9C5A-4D5B-921A-52F4905F87D4}
	EndGlobalSection
	GlobalSection(ExtensibilityGlobals) = postSolution
		SolutionGuid = {422CF172-1C2B-4D24-8D1B-872D16322C5F}
	EndGlobalSection
EndGlobal
